{
  "requires": true,
  "lockfileVersion": 1,
  "dependencies": {
    "vue-tailwind-picker": {
      "version": "1.1.5",
      "resolved": "https://registry.npmjs.org/vue-tailwind-picker/-/vue-tailwind-picker-1.1.5.tgz",
      "integrity": "sha512-VdoecjVxGAG2gJZIawzmReIgrTWe/4VWELoa9LLFRTn6cXmm0AGNpbqYvINVTsblF5W67qcvZBDtng5fer4Cqg=="
    }
  }
}
